
Microsoft Visual Studio Solution File, Format Version 12.00
Project("{FAE04EC0-301F-11D3-BF4B-00C04F79EFBC}") = "AlastairLundy.OSCompatibilityLib", "AlastairLundy.OSCompatibilityLib\AlastairLundy.OSCompatibilityLib.csproj", "{BDF36E78-9FCF-4FD0-8F32-12FC3AD4DB21}"
EndProject
Global
	GlobalSection(SolutionConfigurationPlatforms) = preSolution
		Debug|Any CPU = Debug|Any CPU
		Release|Any CPU = Release|Any CPU
	EndGlobalSection
	GlobalSection(ProjectConfigurationPlatforms) = postSolution
		{BDF36E78-9FCF-4FD0-8F32-12FC3AD4DB21}.Debug|Any CPU.ActiveCfg = Debug|Any CPU
		{BDF36E78-9FCF-4FD0-8F32-12FC3AD4DB21}.Debug|Any CPU.Build.0 = Debug|Any CPU
		{BDF36E78-9FCF-4FD0-8F32-12FC3AD4DB21}.Release|Any CPU.ActiveCfg = Release|Any CPU
		{BDF36E78-9FCF-4FD0-8F32-12FC3AD4DB21}.Release|Any CPU.Build.0 = Release|Any CPU
	EndGlobalSection
EndGlobal
